Microsoft Visual Studio Solution File, Format Version 12.00
# Visual Studio Version 17
VisualStudioVersion = 17.9.34622.214
MinimumVisualStudioVersion = 10.0.40219.1
Project("{FAE04EC0-301F-11D3-BF4B-00C04F79EFBC}") = "ExelSolar", "ExelSolar.csproj", "{B71395AB-8379-466D-8E99-F43CD22E1371}"
EndProject
Global
	GlobalSection(SolutionConfigurationPlatforms) = preSolution
		Debug|Any CPU = Debug|Any CPU
		Release|Any CPU = Release|Any CPU
	EndGlobalSection
	GlobalSection(ProjectConfigurationPlatforms) = postSolution
		{B71395AB-8379-466D-8E99-F43CD22E1371}.Debug|Any CPU.ActiveCfg = Debug|Any CPU
		{B71395AB-8379-466D-8E99-F43CD22E1371}.Debug|Any CPU.Build.0 = Debug|Any CPU
		{B71395AB-8379-466D-8E99-F43CD22E1371}.Release|Any CPU.ActiveCfg = Release|Any CPU
		{B71395AB-8379-466D-8E99-F43CD22E1371}.Release|Any CPU.Build.0 = Release|Any CPU
	EndGlobalSection
	GlobalSection(SolutionProperties) = preSolution
		HideSolutionNode = FALSE
	EndGlobalSection
	GlobalSection(ExtensibilityGlobals) = postSolution
		SolutionGuid = {B9C3B18C-8AD4-43A9-9A5E-AF470B0D36EC}
	EndGlobalSection
EndGlobal
